
Microsoft Visual Studio Solution File, Format Version 12.00
# Visual Studio 15
VisualStudioVersion = 15.0.27703.2000
MinimumVisualStudioVersion = 10.0.40219.1
Project("{FAE04EC0-301F-11D3-BF4B-00C04F79EFBC}") = "ER70-483", "ER70-483\ER70-483.csproj", "{019C7A6F-F75D-4234-B391-26568A4CD309}"
EndProject
Global
	GlobalSection(SolutionConfigurationPlatforms) = preSolution
		Debug|Any CPU = Debug|Any CPU
		Release|Any CPU = Release|Any CPU
	EndGlobalSection
	GlobalSection(ProjectConfigurationPlatforms) = postSolution
		{019C7A6F-F75D-4234-B391-26568A4CD309}.Debug|Any CPU.ActiveCfg = Debug|Any CPU
		{019C7A6F-F75D-4234-B391-26568A4CD309}.Debug|Any CPU.Build.0 = Debug|Any CPU
		{019C7A6F-F75D-4234-B391-26568A4CD309}.Release|Any CPU.ActiveCfg = Release|Any CPU
		{019C7A6F-F75D-4234-B391-26568A4CD309}.Release|Any CPU.Build.0 = Release|Any CPU
	EndGlobalSection
	GlobalSection(SolutionProperties) = preSolution
		HideSolutionNode = FALSE
	EndGlobalSection
	GlobalSection(ExtensibilityGlobals) = postSolution
		SolutionGuid = {56DB579F-58C8-4280-B936-4FB269EDE5B5}
	EndGlobalSection
EndGlobal
